
Microsoft Visual Studio Solution File, Format Version 12.00
# Visual Studio 15
VisualStudioVersion = 15.0.27130.2027
MinimumVisualStudioVersion = 10.0.40219.1
Project("{FAE04EC0-301F-11D3-BF4B-00C04F79EFBC}") = "Answer_1", "QuestionOne\Answer_1.csproj", "{DFFCC446-440A-495A-BD47-AA05C3DB497C}"
EndProject
Project("{FAE04EC0-301F-11D3-BF4B-00C04F79EFBC}") = "Answer_2", "Answer_2\Answer_2.csproj", "{625E489C-28B3-4BCE-889E-1BB2C26A94E1}"
EndProject
Project("{FAE04EC0-301F-11D3-BF4B-00C04F79EFBC}") = "Answer_3", "Answer_3\Answer_3.csproj", "{EB051964-65F9-42C3-AF11-B03DA5DB1A93}"
EndProject
Global
	GlobalSection(SolutionConfigurationPlatforms) = preSolution
		Debug|Any CPU = Debug|Any CPU
		Release|Any CPU = Release|Any CPU
	EndGlobalSection
	GlobalSection(ProjectConfigurationPlatforms) = postSolution
		{DFFCC446-440A-495A-BD47-AA05C3DB497C}.Debug|Any CPU.ActiveCfg = Debug|Any CPU
		{DFFCC446-440A-495A-BD47-AA05C3DB497C}.Debug|Any CPU.Build.0 = Debug|Any CPU
		{DFFCC446-440A-495A-BD47-AA05C3DB497C}.Release|Any CPU.ActiveCfg = Release|Any CPU
		{DFFCC446-440A-495A-BD47-AA05C3DB497C}.Release|Any CPU.Build.0 = Release|Any CPU
		{625E489C-28B3-4BCE-889E-1BB2C26A94E1}.Debug|Any CPU.ActiveCfg = Debug|Any CPU
		{625E489C-28B3-4BCE-889E-1BB2C26A94E1}.Debug|Any CPU.Build.0 = Debug|Any CPU
		{625E489C-28B3-4BCE-889E-1BB2C26A94E1}.Release|Any CPU.ActiveCfg = Release|Any CPU
		{625E489C-28B3-4BCE-889E-1BB2C26A94E1}.Release|Any CPU.Build.0 = Release|Any CPU
		{EB051964-65F9-42C3-AF11-B03DA5DB1A93}.Debug|Any CPU.ActiveCfg = Debug|Any CPU
		{EB051964-65F9-42C3-AF11-B03DA5DB1A93}.Debug|Any CPU.Build.0 = Debug|Any CPU
		{EB051964-65F9-42C3-AF11-B03DA5DB1A93}.Release|Any CPU.ActiveCfg = Release|Any CPU
		{EB051964-65F9-42C3-AF11-B03DA5DB1A93}.Release|Any CPU.Build.0 = Release|Any CPU
	EndGlobalSection
	GlobalSection(SolutionProperties) = preSolution
		HideSolutionNode = FALSE
	EndGlobalSection
	GlobalSection(ExtensibilityGlobals) = postSolution
		SolutionGuid = {C1CDB0DF-05CD-4358-A1D6-4191DD027101}
	EndGlobalSection
EndGlobal
